{
  "name": "e-commerce",
  "lockfileVersion": 3,
  "requires": true,
  "packages": {
    "": {
      "dependencies": {
        "amqp-connection-manager": "^5.0.0",
        "amqplib": "^2.0.1"
      }
    },
    "node_modules/amqp-connection-manager": {
      "version": "5.0.0",
      "resolved": "https://registry.npmjs.org/amqp-connection-manager/-/amqp-connection-manager-5.0.0.tgz",
      "integrity": "sha512-88yQzqa5RSBgnLl504XjvCQJ7d+osskdwvg35Lwm1LRbfLjNU9p7SQUMSP82BB7mseiq9tIUPJ3HE3eXQbpjEw==",
      "license": "MIT",
      "dependencies": {
        "promise-breaker": "^6.0.0"
      },
      "engines": {
        "node": ">=10.0.0",
        "npm": ">5.0.0"
      },
      "peerDependencies": {
        "amqplib": "*"
      }
    },
    "node_modules/amqplib": {
      "version": "2.0.1",
      "resolved": "https://registry.npmjs.org/amqplib/-/amqplib-2.0.1.tgz",
      "integrity": "sha512-a3P2MgfCf9nzVis12VxWEn0dS6hcqve7dlEAhXDtIWR27BlhtMkILOc+H9aeHjDi6i6r94dYKc2Kx2OFe3avvg==",
      "license": "MIT",
      "engines": {
        "node": ">=18"
      }
    },
    "node_modules/promise-breaker": {
      "version": "6.0.0",
      "resolved": "https://registry.npmjs.org/promise-breaker/-/promise-breaker-6.0.0.tgz",
      "integrity": "sha512-BthzO9yTPswGf7etOBiHCVuugs2N01/Q/94dIPls48z2zCmrnDptUUZzfIb+41xq0MnYZ/BzmOd6ikDR4ibNZA==",
      "license": "MIT"
    }
  }
}
